
Microsoft Visual Studio Solution File, Format Version 12.00
# Visual Studio Version 16
VisualStudioVersion = 16.0.28922.388
MinimumVisualStudioVersion = 10.0.40219.1
Project("{FAE04EC0-301F-11D3-BF4B-00C04F79EFBC}") = "GenerateReduxReducer", "GenerateReduxReducer\GenerateReduxReducer.csproj", "{7DBD30F4-0884-4B03-B544-62B000F69225}"
EndProject
Global
	GlobalSection(SolutionConfigurationPlatforms) = preSolution
		Debug|Any CPU = Debug|Any CPU
		Release|Any CPU = Release|Any CPU
	EndGlobalSection
	GlobalSection(ProjectConfigurationPlatforms) = postSolution
		{7DBD30F4-0884-4B03-B544-62B000F69225}.Debug|Any CPU.ActiveCfg = Debug|Any CPU
		{7DBD30F4-0884-4B03-B544-62B000F69225}.Debug|Any CPU.Build.0 = Debug|Any CPU
		{7DBD30F4-0884-4B03-B544-62B000F69225}.Release|Any CPU.ActiveCfg = Release|Any CPU
		{7DBD30F4-0884-4B03-B544-62B000F69225}.Release|Any CPU.Build.0 = Release|Any CPU
	EndGlobalSection
	GlobalSection(SolutionProperties) = preSolution
		HideSolutionNode = FALSE
	EndGlobalSection
	GlobalSection(ExtensibilityGlobals) = postSolution
		SolutionGuid = {BB201FA2-3460-4E18-AC4E-9C92F6567342}
	EndGlobalSection
EndGlobal
